
Microsoft Visual Studio Solution File, Format Version 12.00
# Visual Studio 15
VisualStudioVersion = 15.0.27130.2010
MinimumVisualStudioVersion = 10.0.40219.1
Project("{9A19103F-16F7-4668-BE54-9A1E7A4F7556}") = "Search.Core.Windows", "Search.Core.Windows\Search.Core.Windows.csproj", "{71B49380-8626-482D-BDE3-F6EA790153C3}"
EndProject
Project("{9A19103F-16F7-4668-BE54-9A1E7A4F7556}") = "Search.Core", "Search.Core\Search.Core.csproj", "{A7911757-448F-405C-BF84-12865FE62DAE}"
EndProject
Global
	GlobalSection(SolutionConfigurationPlatforms) = preSolution
		Debug|Any CPU = Debug|Any CPU
		Release|Any CPU = Release|Any CPU
	EndGlobalSection
	GlobalSection(ProjectConfigurationPlatforms) = postSolution
		{71B49380-8626-482D-BDE3-F6EA790153C3}.Debug|Any CPU.ActiveCfg = Debug|Any CPU
		{71B49380-8626-482D-BDE3-F6EA790153C3}.Debug|Any CPU.Build.0 = Debug|Any CPU
		{71B49380-8626-482D-BDE3-F6EA790153C3}.Release|Any CPU.ActiveCfg = Release|Any CPU
		{71B49380-8626-482D-BDE3-F6EA790153C3}.Release|Any CPU.Build.0 = Release|Any CPU
		{A7911757-448F-405C-BF84-12865FE62DAE}.Debug|Any CPU.ActiveCfg = Debug|Any CPU
		{A7911757-448F-405C-BF84-12865FE62DAE}.Debug|Any CPU.Build.0 = Debug|Any CPU
		{A7911757-448F-405C-BF84-12865FE62DAE}.Release|Any CPU.ActiveCfg = Release|Any CPU
		{A7911757-448F-405C-BF84-12865FE62DAE}.Release|Any CPU.Build.0 = Release|Any CPU
	EndGlobalSection
	GlobalSection(SolutionProperties) = preSolution
		HideSolutionNode = FALSE
	EndGlobalSection
	GlobalSection(ExtensibilityGlobals) = postSolution
		SolutionGuid = {BAA76754-87AD-49AB-9CDF-F6DB1EB1D739}
	EndGlobalSection
EndGlobal
